
Microsoft Visual Studio Solution File, Format Version 12.00
# Visual Studio Version 17
VisualStudioVersion = 17.3.32929.385
MinimumVisualStudioVersion = 10.0.40219.1
Project("{FAE04EC0-301F-11D3-BF4B-00C04F79EFBC}") = "FinalProjYahel", "FinalProjYahel\FinalProjYahel.csproj", "{B594FD6B-C308-48B3-9459-C993C2A9547D}"
EndProject
Global
	GlobalSection(SolutionConfigurationPlatforms) = preSolution
		Debug|Any CPU = Debug|Any CPU
		Release|Any CPU = Release|Any CPU
	EndGlobalSection
	GlobalSection(ProjectConfigurationPlatforms) = postSolution
		{B594FD6B-C308-48B3-9459-C993C2A9547D}.Debug|Any CPU.ActiveCfg = Debug|Any CPU
		{B594FD6B-C308-48B3-9459-C993C2A9547D}.Debug|Any CPU.Build.0 = Debug|Any CPU
		{B594FD6B-C308-48B3-9459-C993C2A9547D}.Release|Any CPU.ActiveCfg = Release|Any CPU
		{B594FD6B-C308-48B3-9459-C993C2A9547D}.Release|Any CPU.Build.0 = Release|Any CPU
	EndGlobalSection
	GlobalSection(SolutionProperties) = preSolution
		HideSolutionNode = FALSE
	EndGlobalSection
	GlobalSection(ExtensibilityGlobals) = postSolution
		SolutionGuid = {EC4BBA53-F018-4A5A-A8A9-14384597AB02}
	EndGlobalSection
EndGlobal
